
Microsoft Visual Studio Solution File, Format Version 12.00
# Visual Studio Version 17
VisualStudioVersion = 17.14.36616.10
MinimumVisualStudioVersion = 10.0.40219.1
Project("{FAE04EC0-301F-11D3-BF4B-00C04F79EFBC}") = "ParsersAndData", "ParsersAndData\ParsersAndData.csproj", "{C75F5A52-27D5-41A8-B80A-EA3D917925B7}"
EndProject
Project("{FAE04EC0-301F-11D3-BF4B-00C04F79EFBC}") = "IndymonBackend", "IndymonBackend\IndymonBackend.csproj", "{657D17E3-D6F7-406F-86B2-C3833D2CA1B0}"
EndProject
Project("{FAE04EC0-301F-11D3-BF4B-00C04F79EFBC}") = "SocketTest", "SocketTest\SocketTest.csproj", "{5BAD8A73-7577-4CA1-8CC0-67702E61BDD6}"
EndProject
Project("{FAE04EC0-301F-11D3-BF4B-00C04F79EFBC}") = "ShowdownBot", "ShowdownBot\ShowdownBot.csproj", "{B3D26ACF-1CC6-470B-BEB7-B103F1A56D27}"
EndProject
Global
	GlobalSection(SolutionConfigurationPlatforms) = preSolution
		Debug|Any CPU = Debug|Any CPU
		Release|Any CPU = Release|Any CPU
	EndGlobalSection
	GlobalSection(ProjectConfigurationPlatforms) = postSolution
		{C75F5A52-27D5-41A8-B80A-EA3D917925B7}.Debug|Any CPU.ActiveCfg = Debug|Any CPU
		{C75F5A52-27D5-41A8-B80A-EA3D917925B7}.Debug|Any CPU.Build.0 = Debug|Any CPU
		{C75F5A52-27D5-41A8-B80A-EA3D917925B7}.Release|Any CPU.ActiveCfg = Release|Any CPU
		{C75F5A52-27D5-41A8-B80A-EA3D917925B7}.Release|Any CPU.Build.0 = Release|Any CPU
		{657D17E3-D6F7-406F-86B2-C3833D2CA1B0}.Debug|Any CPU.ActiveCfg = Debug|Any CPU
		{657D17E3-D6F7-406F-86B2-C3833D2CA1B0}.Debug|Any CPU.Build.0 = Debug|Any CPU
		{657D17E3-D6F7-406F-86B2-C3833D2CA1B0}.Release|Any CPU.ActiveCfg = Release|Any CPU
		{657D17E3-D6F7-406F-86B2-C3833D2CA1B0}.Release|Any CPU.Build.0 = Release|Any CPU
		{5BAD8A73-7577-4CA1-8CC0-67702E61BDD6}.Debug|Any CPU.ActiveCfg = Debug|Any CPU
		{5BAD8A73-7577-4CA1-8CC0-67702E61BDD6}.Debug|Any CPU.Build.0 = Debug|Any CPU
		{5BAD8A73-7577-4CA1-8CC0-67702E61BDD6}.Release|Any CPU.ActiveCfg = Release|Any CPU
		{5BAD8A73-7577-4CA1-8CC0-67702E61BDD6}.Release|Any CPU.Build.0 = Release|Any CPU
		{B3D26ACF-1CC6-470B-BEB7-B103F1A56D27}.Debug|Any CPU.ActiveCfg = Debug|Any CPU
		{B3D26ACF-1CC6-470B-BEB7-B103F1A56D27}.Debug|Any CPU.Build.0 = Debug|Any CPU
		{B3D26ACF-1CC6-470B-BEB7-B103F1A56D27}.Release|Any CPU.ActiveCfg = Release|Any CPU
		{B3D26ACF-1CC6-470B-BEB7-B103F1A56D27}.Release|Any CPU.Build.0 = Release|Any CPU
	EndGlobalSection
	GlobalSection(SolutionProperties) = preSolution
		HideSolutionNode = FALSE
	EndGlobalSection
	GlobalSection(ExtensibilityGlobals) = postSolution
		SolutionGuid = {54212D39-ACB2-4EC3-8BED-5E438BE764FA}
	EndGlobalSection
EndGlobal
