
Microsoft Visual Studio Solution File, Format Version 12.00
# Visual Studio Version 17
VisualStudioVersion = 17.14.36616.10
MinimumVisualStudioVersion = 10.0.40219.1
Project("{FAE04EC0-301F-11D3-BF4B-00C04F79EFBC}") = "IndymonBackendProgram", "IndymonBackend\IndymonBackendProgram.csproj", "{657D17E3-D6F7-406F-86B2-C3833D2CA1B0}"
EndProject
Project("{FAE04EC0-301F-11D3-BF4B-00C04F79EFBC}") = "ShowdownBot", "ShowdownBot\ShowdownBot.csproj", "{B3D26ACF-1CC6-470B-BEB7-B103F1A56D27}"
EndProject
Project("{2150E333-8FDC-42A3-9474-1A3956D46DE8}") = "Solution Items", "Solution Items", "{8EC462FD-D22E-90A8-E5CE-7E832BA40C5D}"
	ProjectSection(SolutionItems) = preProject
		.editorconfig = .editorconfig
	EndProjectSection
EndProject
Project("{FAE04EC0-301F-11D3-BF4B-00C04F79EFBC}") = "MechanicsData", "MechanicsData\MechanicsData.csproj", "{7BFE40E0-523D-4EC6-96B5-04752B800443}"
EndProject
Project("{FAE04EC0-301F-11D3-BF4B-00C04F79EFBC}") = "MechanicsDataContainer", "MechanicsDataContainer\MechanicsDataContainer.csproj", "{FB7A20ED-4F71-578E-CD96-028B53632E0A}"
EndProject
Project("{FAE04EC0-301F-11D3-BF4B-00C04F79EFBC}") = "GameData", "GameData\GameData.csproj", "{D6592491-AE09-4AE8-A32B-8061DDBCDB29}"
EndProject
Project("{FAE04EC0-301F-11D3-BF4B-00C04F79EFBC}") = "GameDataContainer", "GameDataContainer\GameDataContainer.csproj", "{780CB291-BE6F-421A-AAB2-1CEE16651BD6}"
EndProject
Project("{FAE04EC0-301F-11D3-BF4B-00C04F79EFBC}") = "Utilities", "Utilities\Utilities.csproj", "{E6C45427-C620-4710-B7F2-BC31FC636262}"
EndProject
Project("{FAE04EC0-301F-11D3-BF4B-00C04F79EFBC}") = "AutomatedTeamBuilder", "AutomatedTeamBuilder\AutomatedTeamBuilder.csproj", "{FE5C5FB3-7B73-4BE3-AF2F-16DEECAFBBEB}"
EndProject
Global
	GlobalSection(SolutionConfigurationPlatforms) = preSolution
		Debug|Any CPU = Debug|Any CPU
		Release|Any CPU = Release|Any CPU
	EndGlobalSection
	GlobalSection(ProjectConfigurationPlatforms) = postSolution
		{657D17E3-D6F7-406F-86B2-C3833D2CA1B0}.Debug|Any CPU.ActiveCfg = Debug|Any CPU
		{657D17E3-D6F7-406F-86B2-C3833D2CA1B0}.Debug|Any CPU.Build.0 = Debug|Any CPU
		{657D17E3-D6F7-406F-86B2-C3833D2CA1B0}.Release|Any CPU.ActiveCfg = Release|Any CPU
		{657D17E3-D6F7-406F-86B2-C3833D2CA1B0}.Release|Any CPU.Build.0 = Release|Any CPU
		{B3D26ACF-1CC6-470B-BEB7-B103F1A56D27}.Debug|Any CPU.ActiveCfg = Debug|Any CPU
		{B3D26ACF-1CC6-470B-BEB7-B103F1A56D27}.Debug|Any CPU.Build.0 = Debug|Any CPU
		{B3D26ACF-1CC6-470B-BEB7-B103F1A56D27}.Release|Any CPU.ActiveCfg = Release|Any CPU
		{B3D26ACF-1CC6-470B-BEB7-B103F1A56D27}.Release|Any CPU.Build.0 = Release|Any CPU
		{7BFE40E0-523D-4EC6-96B5-04752B800443}.Debug|Any CPU.ActiveCfg = Debug|Any CPU
		{7BFE40E0-523D-4EC6-96B5-04752B800443}.Debug|Any CPU.Build.0 = Debug|Any CPU
		{7BFE40E0-523D-4EC6-96B5-04752B800443}.Release|Any CPU.ActiveCfg = Release|Any CPU
		{7BFE40E0-523D-4EC6-96B5-04752B800443}.Release|Any CPU.Build.0 = Release|Any CPU
		{FB7A20ED-4F71-578E-CD96-028B53632E0A}.Debug|Any CPU.ActiveCfg = Debug|Any CPU
		{FB7A20ED-4F71-578E-CD96-028B53632E0A}.Debug|Any CPU.Build.0 = Debug|Any CPU
		{FB7A20ED-4F71-578E-CD96-028B53632E0A}.Release|Any CPU.ActiveCfg = Release|Any CPU
		{FB7A20ED-4F71-578E-CD96-028B53632E0A}.Release|Any CPU.Build.0 = Release|Any CPU
		{D6592491-AE09-4AE8-A32B-8061DDBCDB29}.Debug|Any CPU.ActiveCfg = Debug|Any CPU
		{D6592491-AE09-4AE8-A32B-8061DDBCDB29}.Debug|Any CPU.Build.0 = Debug|Any CPU
		{D6592491-AE09-4AE8-A32B-8061DDBCDB29}.Release|Any CPU.ActiveCfg = Release|Any CPU
		{D6592491-AE09-4AE8-A32B-8061DDBCDB29}.Release|Any CPU.Build.0 = Release|Any CPU
		{780CB291-BE6F-421A-AAB2-1CEE16651BD6}.Debug|Any CPU.ActiveCfg = Debug|Any CPU
		{780CB291-BE6F-421A-AAB2-1CEE16651BD6}.Debug|Any CPU.Build.0 = Debug|Any CPU
		{780CB291-BE6F-421A-AAB2-1CEE16651BD6}.Release|Any CPU.ActiveCfg = Release|Any CPU
		{780CB291-BE6F-421A-AAB2-1CEE16651BD6}.Release|Any CPU.Build.0 = Release|Any CPU
		{E6C45427-C620-4710-B7F2-BC31FC636262}.Debug|Any CPU.ActiveCfg = Debug|Any CPU
		{E6C45427-C620-4710-B7F2-BC31FC636262}.Debug|Any CPU.Build.0 = Debug|Any CPU
		{E6C45427-C620-4710-B7F2-BC31FC636262}.Release|Any CPU.ActiveCfg = Release|Any CPU
		{E6C45427-C620-4710-B7F2-BC31FC636262}.Release|Any CPU.Build.0 = Release|Any CPU
		{FE5C5FB3-7B73-4BE3-AF2F-16DEECAFBBEB}.Debug|Any CPU.ActiveCfg = Debug|Any CPU
		{FE5C5FB3-7B73-4BE3-AF2F-16DEECAFBBEB}.Debug|Any CPU.Build.0 = Debug|Any CPU
		{FE5C5FB3-7B73-4BE3-AF2F-16DEECAFBBEB}.Release|Any CPU.ActiveCfg = Release|Any CPU
		{FE5C5FB3-7B73-4BE3-AF2F-16DEECAFBBEB}.Release|Any CPU.Build.0 = Release|Any CPU
	EndGlobalSection
	GlobalSection(SolutionProperties) = preSolution
		HideSolutionNode = FALSE
	EndGlobalSection
	GlobalSection(ExtensibilityGlobals) = postSolution
		SolutionGuid = {54212D39-ACB2-4EC3-8BED-5E438BE764FA}
	EndGlobalSection
EndGlobal
